
Microsoft Visual Studio Solution File, Format Version 12.00
# Visual Studio 2013
VisualStudioVersion = 12.0.21005.1
MinimumVisualStudioVersion = 10.0.40219.1
Project("{FAE04EC0-301F-11D3-BF4B-00C04F79EFBC}") = "BmpDecodeTest", "BmpDecodeTest\BmpDecodeTest.csproj", "{034A8B58-A0C8-4BA8-8060-F6C7A7948CFE}"
EndProject
Global
	GlobalSection(SolutionConfigurationPlatforms) = preSolution
		Debug|Any CPU = Debug|Any CPU
		Release|Any CPU = Release|Any CPU
	EndGlobalSection
	GlobalSection(ProjectConfigurationPlatforms) = postSolution
		{034A8B58-A0C8-4BA8-8060-F6C7A7948CFE}.Debug|Any CPU.ActiveCfg = Debug|Any CPU
		{034A8B58-A0C8-4BA8-8060-F6C7A7948CFE}.Debug|Any CPU.Build.0 = Debug|Any CPU
		{034A8B58-A0C8-4BA8-8060-F6C7A7948CFE}.Release|Any CPU.ActiveCfg = Release|Any CPU
		{034A8B58-A0C8-4BA8-8060-F6C7A7948CFE}.Release|Any CPU.Build.0 = Release|Any CPU
	EndGlobalSection
	GlobalSection(SolutionProperties) = preSolution
		HideSolutionNode = FALSE
	EndGlobalSection
EndGlobal
